// !$*UTF8*$!
{
	archiveVersion = 1;
	classes = {
	};
	objectVersion = 46;
	objects = {

/* Begin PBXBuildFile section */
		3F089E731D6053AC00467C2F /* LevelVC.swift in Sources */ = {isa = PBXBuildFile; fileRef = 3F089E711D6053AC00467C2F /* LevelVC.swift */; };
		3F089E741D6053AC00467C2F /* LevelVC.xib in Resources */ = {isa = PBXBuildFile; fileRef = 3F089E721D6053AC00467C2F /* LevelVC.xib */; };
		3F089E771D6054DC00467C2F /* FolderVC.swift in Sources */ = {isa = PBXBuildFile; fileRef = 3F089E751D6054DC00467C2F /* FolderVC.swift */; };
		3F089E781D6054DC00467C2F /* FolderVC.xib in Resources */ = {isa = PBXBuildFile; fileRef = 3F089E761D6054DC00467C2F /* FolderVC.xib */; };
		3F089E7B1D60572600467C2F /* PictureVideoVC.swift in Sources */ = {isa = PBXBuildFile; fileRef = 3F089E791D60572600467C2F /* PictureVideoVC.swift */; };
		3F089E7C1D60572600467C2F /* PictureVideoVC.xib in Resources */ = {isa = PBXBuildFile; fileRef = 3F089E7A1D60572600467C2F /* PictureVideoVC.xib */; };
		3F089E7E1D6057A400467C2F /* Video.swift in Sources */ = {isa = PBXBuildFile; fileRef = 3F089E7D1D6057A400467C2F /* Video.swift */; };
		3F84468A1D83C5BE0053844D /* Folder.swift in Sources */ = {isa = PBXBuildFile; fileRef = 3F8446891D83C5BE0053844D /* Folder.swift */; };
		3FBC62271DA0CD51000F85FD /* API.swift in Sources */ = {isa = PBXBuildFile; fileRef = 3FBC62261DA0CD51000F85FD /* API.swift */; };
		A41C2C901D9B483100BECCE5 /* CustomVideoController.swift in Sources */ = {isa = PBXBuildFile; fileRef = A41C2C8E1D9B483100BECCE5 /* CustomVideoController.swift */; };
		A41C2C911D9B483100BECCE5 /* CustomVideoController.xib in Resources */ = {isa = PBXBuildFile; fileRef = A41C2C8F1D9B483100BECCE5 /* CustomVideoController.xib */; };
		A48601231D9B98AC000B65FB /* pause_button.png in Resources */ = {isa = PBXBuildFile; fileRef = A486011F1D9B98AC000B65FB /* pause_button.png */; };
		A48601241D9B98AC000B65FB /* play_button.png in Resources */ = {isa = PBXBuildFile; fileRef = A48601201D9B98AC000B65FB /* play_button.png */; };
		A48601251D9B98AC000B65FB /* replay_button.png in Resources */ = {isa = PBXBuildFile; fileRef = A48601211D9B98AC000B65FB /* replay_button.png */; };
		A48601261D9B98AC000B65FB /* pencil_icon.png in Resources */ = {isa = PBXBuildFile; fileRef = A48601221D9B98AC000B65FB /* pencil_icon.png */; };
		A48601281D9B98B7000B65FB /* pencil_icon_gray.png in Resources */ = {isa = PBXBuildFile; fileRef = A48601271D9B98B7000B65FB /* pencil_icon_gray.png */; };
		A49E86D41CEC39D1002AC786 /* AppDelegate.swift in Sources */ = {isa = PBXBuildFile; fileRef = A49E86D31CEC39D1002AC786 /* AppDelegate.swift */; };
		A49E86D61CEC39D1002AC786 /* ViewController.swift in Sources */ = {isa = PBXBuildFile; fileRef = A49E86D51CEC39D1002AC786 /* ViewController.swift */; };
		A49E86D91CEC39D1002AC786 /* Main.storyboard in Resources */ = {isa = PBXBuildFile; fileRef = A49E86D71CEC39D1002AC786 /* Main.storyboard */; };
		A49E86DB1CEC39D1002AC786 /* Assets.xcassets in Resources */ = {isa = PBXBuildFile; fileRef = A49E86DA1CEC39D1002AC786 /* Assets.xcassets */; };
		A49E86DE1CEC39D1002AC786 /* LaunchScreen.storyboard in Resources */ = {isa = PBXBuildFile; fileRef = A49E86DC1CEC39D1002AC786 /* LaunchScreen.storyboard */; };
		A49E86E91CEC39D1002AC786 /* NICATests.swift in Sources */ = {isa = PBXBuildFile; fileRef = A49E86E81CEC39D1002AC786 /* NICATests.swift */; };
		A49E86F41CEC39D1002AC786 /* NICAUITests.swift in Sources */ = {isa = PBXBuildFile; fileRef = A49E86F31CEC39D1002AC786 /* NICAUITests.swift */; };
		A49E87081CEC5574002AC786 /* SelectVideoViewController.swift in Sources */ = {isa = PBXBuildFile; fileRef = A49E87071CEC5574002AC786 /* SelectVideoViewController.swift */; };
		A4BBF84F1D5DAE840019A245 /* ActVC.swift in Sources */ = {isa = PBXBuildFile; fileRef = A4BBF84D1D5DAE840019A245 /* ActVC.swift */; };
		A4BBF8501D5DAE840019A245 /* ActVC.xib in Resources */ = {isa = PBXBuildFile; fileRef = A4BBF84E1D5DAE840019A245 /* ActVC.xib */; };
		A4BE27611D5DCE23001C1EBF /* CategoryVC.swift in Sources */ = {isa = PBXBuildFile; fileRef = A4BE275F1D5DCE23001C1EBF /* CategoryVC.swift */; };
		A4BE27621D5DCE23001C1EBF /* CategoryVC.xib in Resources */ = {isa = PBXBuildFile; fileRef = A4BE27601D5DCE23001C1EBF /* CategoryVC.xib */; };
		A4C51AE21D589F1800D6D733 /* SelectImageSVC.swift in Sources */ = {isa = PBXBuildFile; fileRef = A4C51AE01D589F1800D6D733 /* SelectImageSVC.swift */; };
		A4C51AE31D589F1800D6D733 /* SelectImageSVC.xib in Resources */ = {isa = PBXBuildFile; fileRef = A4C51AE11D589F1800D6D733 /* SelectImageSVC.xib */; };
		A4C51AE61D589FAB00D6D733 /* MasterVC.swift in Sources */ = {isa = PBXBuildFile; fileRef = A4C51AE41D589FAB00D6D733 /* MasterVC.swift */; };
		A4C51AE71D589FAB00D6D733 /* MasterVC.xib in Resources */ = {isa = PBXBuildFile; fileRef = A4C51AE51D589FAB00D6D733 /* MasterVC.xib */; };
		A4C51AEC1D589FE100D6D733 /* DetailVC.swift in Sources */ = {isa = PBXBuildFile; fileRef = A4C51AEA1D589FE100D6D733 /* DetailVC.swift */; };
		A4C51AED1D589FE100D6D733 /* DetailVC.xib in Resources */ = {isa = PBXBuildFile; fileRef = A4C51AEB1D589FE100D6D733 /* DetailVC.xib */; };
		A4C51AEF1D58A0CA00D6D733 /* Root.swift in Sources */ = {isa = PBXBuildFile; fileRef = A4C51AEE1D58A0CA00D6D733 /* Root.swift */; };
		A4C51AF11D58A11A00D6D733 /* Category.swift in Sources */ = {isa = PBXBuildFile; fileRef = A4C51AF01D58A11A00D6D733 /* Category.swift */; };
		A4C51AF31D58A17300D6D733 /* Act.swift in Sources */ = {isa = PBXBuildFile; fileRef = A4C51AF21D58A17300D6D733 /* Act.swift */; };
		A4C51AF51D58A40500D6D733 /* Dashboard.swift in Sources */ = {isa = PBXBuildFile; fileRef = A4C51AF41D58A40500D6D733 /* Dashboard.swift */; };
		A4C51AF91D58A5E800D6D733 /* Level.swift in Sources */ = {isa = PBXBuildFile; fileRef = A4C51AF81D58A5E800D6D733 /* Level.swift */; };
		A4C51AFD1D58A71900D6D733 /* Picture.swift in Sources */ = {isa = PBXBuildFile; fileRef = A4C51AFC1D58A71900D6D733 /* Picture.swift */; };
		A4CDC5F01DA3A342007B3D77 /* ModalImageVC.swift in Sources */ = {isa = PBXBuildFile; fileRef = A4CDC5EE1DA3A342007B3D77 /* ModalImageVC.swift */; };
		A4CDC5F11DA3A342007B3D77 /* ModalImageVC.xib in Resources */ = {isa = PBXBuildFile; fileRef = A4CDC5EF1DA3A342007B3D77 /* ModalImageVC.xib */; };
		A4F0CFD71D558926005ED3FE /* SelectImageVC.swift in Sources */ = {isa = PBXBuildFile; fileRef = A4F0CFD51D558926005ED3FE /* SelectImageVC.swift */; };
		A4F0CFD81D558926005ED3FE /* SelectImageVC.xib in Resources */ = {isa = PBXBuildFile; fileRef = A4F0CFD61D558926005ED3FE /* SelectImageVC.xib */; };
		F439A0891DA2305A000481B6 /* LoginVC.swift in Sources */ = {isa = PBXBuildFile; fileRef = F439A0881DA2305A000481B6 /* LoginVC.swift */; };
		F439A08B1DA23063000481B6 /* LoginVC.xib in Resources */ = {isa = PBXBuildFile; fileRef = F439A08A1DA23063000481B6 /* LoginVC.xib */; };
		F439A08E1DA230AF000481B6 /* WatchVideoVC.swift in Sources */ = {isa = PBXBuildFile; fileRef = F439A08C1DA230AF000481B6 /* WatchVideoVC.swift */; };
		F439A08F1DA230AF000481B6 /* WatchVideoVC.xib in Resources */ = {isa = PBXBuildFile; fileRef = F439A08D1DA230AF000481B6 /* WatchVideoVC.xib */; };
		F46712AE1DA4A40300D00656 /* Icon-App-20x20@1x.png in Resources */ = {isa = PBXBuildFile; fileRef = F467129D1DA4A40200D00656 /* Icon-App-20x20@1x.png */; };
		F46712AF1DA4A40300D00656 /* Icon-App-20x20@2x.png in Resources */ = {isa = PBXBuildFile; fileRef = F467129E1DA4A40200D00656 /* Icon-App-20x20@2x.png */; };
		F46712B01DA4A40300D00656 /* Icon-App-20x20@3x.png in Resources */ = {isa = PBXBuildFile; fileRef = F467129F1DA4A40200D00656 /* Icon-App-20x20@3x.png */; };
		F46712B11DA4A40300D00656 /* Icon-App-29x29@1x.png in Resources */ = {isa = PBXBuildFile; fileRef = F46712A01DA4A40200D00656 /* Icon-App-29x29@1x.png */; };
		F46712B21DA4A40300D00656 /* Icon-App-29x29@2x.png in Resources */ = {isa = PBXBuildFile; fileRef = F46712A11DA4A40200D00656 /* Icon-App-29x29@2x.png */; };
		F46712B31DA4A40300D00656 /* Icon-App-29x29@3x.png in Resources */ = {isa = PBXBuildFile; fileRef = F46712A21DA4A40200D00656 /* Icon-App-29x29@3x.png */; };
		F46712B41DA4A40300D00656 /* Icon-App-40x40@1x.png in Resources */ = {isa = PBXBuildFile; fileRef = F46712A31DA4A40200D00656 /* Icon-App-40x40@1x.png */; };
		F46712B51DA4A40300D00656 /* Icon-App-40x40@2x.png in Resources */ = {isa = PBXBuildFile; fileRef = F46712A41DA4A40200D00656 /* Icon-App-40x40@2x.png */; };
		F46712B61DA4A40300D00656 /* Icon-App-40x40@3x.png in Resources */ = {isa = PBXBuildFile; fileRef = F46712A51DA4A40200D00656 /* Icon-App-40x40@3x.png */; };
		F46712B71DA4A40300D00656 /* Icon-App-57x57@1x.png in Resources */ = {isa = PBXBuildFile; fileRef = F46712A61DA4A40200D00656 /* Icon-App-57x57@1x.png */; };
		F46712B81DA4A40300D00656 /* Icon-App-60x60@1x.png in Resources */ = {isa = PBXBuildFile; fileRef = F46712A71DA4A40200D00656 /* Icon-App-60x60@1x.png */; };
		F46712B91DA4A40300D00656 /* Icon-App-60x60@2x.png in Resources */ = {isa = PBXBuildFile; fileRef = F46712A81DA4A40200D00656 /* Icon-App-60x60@2x.png */; };
		F46712BA1DA4A40300D00656 /* Icon-App-60x60@3x.png in Resources */ = {isa = PBXBuildFile; fileRef = F46712A91DA4A40200D00656 /* Icon-App-60x60@3x.png */; };
		F46712BB1DA4A40300D00656 /* Icon-App-76x76@1x.png in Resources */ = {isa = PBXBuildFile; fileRef = F46712AA1DA4A40200D00656 /* Icon-App-76x76@1x.png */; };
		F46712BC1DA4A40300D00656 /* Icon-App-76x76@2x.png in Resources */ = {isa = PBXBuildFile; fileRef = F46712AB1DA4A40200D00656 /* Icon-App-76x76@2x.png */; };
		F46712BD1DA4A40300D00656 /* Icon-App-76x76@3x.png in Resources */ = {isa = PBXBuildFile; fileRef = F46712AC1DA4A40200D00656 /* Icon-App-76x76@3x.png */; };
		F46712BE1DA4A40300D00656 /* Icon-App-83.5x83.5@2x.png in Resources */ = {isa = PBXBuildFile; fileRef = F46712AD1DA4A40300D00656 /* Icon-App-83.5x83.5@2x.png */; };
		F46712C01DA4ADFF00D00656 /* LandscapePickerController.swift in Sources */ = {isa = PBXBuildFile; fileRef = F46712BF1DA4ADFF00D00656 /* LandscapePickerController.swift */; };
		F46A0AFA1DA3F277001DCB31 /* nica_logo.png in Resources */ = {isa = PBXBuildFile; fileRef = F46A0AF91DA3F277001DCB31 /* nica_logo.png */; };
		F4DA56E21D93B70E00268F6F /* Constants.swift in Sources */ = {isa = PBXBuildFile; fileRef = F4DA56E11D93B70E00268F6F /* Constants.swift */; };
/* End PBXBuildFile section */

/* Begin PBXContainerItemProxy section */
		A49E86E51CEC39D1002AC786 /* PBXContainerItemProxy */ = {
			isa = PBXContainerItemProxy;
			containerPortal = A49E86C81CEC39D1002AC786 /* Project object */;
			proxyType = 1;
			remoteGlobalIDString = A49E86CF1CEC39D1002AC786;
			remoteInfo = NICA;
		};
		A49E86F01CEC39D1002AC786 /* PBXContainerItemProxy */ = {
			isa = PBXContainerItemProxy;
			containerPortal = A49E86C81CEC39D1002AC786 /* Project object */;
			proxyType = 1;
			remoteGlobalIDString = A49E86CF1CEC39D1002AC786;
			remoteInfo = NICA;
		};
/* End PBXContainerItemProxy section */

/* Begin PBXFileReference section */
		3F089E711D6053AC00467C2F /* LevelVC.swift */ = {isa = PBXFileReference; fileEncoding = 4; lastKnownFileType = sourcecode.swift; path = LevelVC.swift; sourceTree = "<group>"; };
		3F089E721D6053AC00467C2F /* LevelVC.xib */ = {isa = PBXFileReference; fileEncoding = 4; lastKnownFileType = file.xib; path = LevelVC.xib; sourceTree = "<group>"; };
		3F089E751D6054DC00467C2F /* FolderVC.swift */ = {isa = PBXFileReference; fileEncoding = 4; lastKnownFileType = sourcecode.swift; path = FolderVC.swift; sourceTree = "<group>"; };
		3F089E761D6054DC00467C2F /* FolderVC.xib */ = {isa = PBXFileReference; fileEncoding = 4; lastKnownFileType = file.xib; path = FolderVC.xib; sourceTree = "<group>"; };
		3F089E791D60572600467C2F /* PictureVideoVC.swift */ = {isa = PBXFileReference; fileEncoding = 4; lastKnownFileType = sourcecode.swift; path = PictureVideoVC.swift; sourceTree = "<group>"; };
		3F089E7A1D60572600467C2F /* PictureVideoVC.xib */ = {isa = PBXFileReference; fileEncoding = 4; lastKnownFileType = file.xib; path = PictureVideoVC.xib; sourceTree = "<group>"; };
		3F089E7D1D6057A400467C2F /* Video.swift */ = {isa = PBXFileReference; fileEncoding = 4; lastKnownFileType = sourcecode.swift; path = Video.swift; sourceTree = "<group>"; };
		3F8446891D83C5BE0053844D /* Folder.swift */ = {isa = PBXFileReference; fileEncoding = 4; lastKnownFileType = sourcecode.swift; path = Folder.swift; sourceTree = "<group>"; };
		3FBC62261DA0CD51000F85FD /* API.swift */ = {isa = PBXFileReference; fileEncoding = 4; lastKnownFileType = sourcecode.swift; path = API.swift; sourceTree = "<group>"; };
		A41C2C8E1D9B483100BECCE5 /* CustomVideoController.swift */ = {isa = PBXFileReference; fileEncoding = 4; lastKnownFileType = sourcecode.swift; path = CustomVideoController.swift; sourceTree = "<group>"; };
		A41C2C8F1D9B483100BECCE5 /* CustomVideoController.xib */ = {isa = PBXFileReference; fileEncoding = 4; lastKnownFileType = file.xib; path = CustomVideoController.xib; sourceTree = "<group>"; };
		A486011F1D9B98AC000B65FB /* pause_button.png */ = {isa = PBXFileReference; lastKnownFileType = image.png; path = pause_button.png; sourceTree = "<group>"; };
		A48601201D9B98AC000B65FB /* play_button.png */ = {isa = PBXFileReference; lastKnownFileType = image.png; path = play_button.png; sourceTree = "<group>"; };
		A48601211D9B98AC000B65FB /* replay_button.png */ = {isa = PBXFileReference; lastKnownFileType = image.png; path = replay_button.png; sourceTree = "<group>"; };
		A48601221D9B98AC000B65FB /* pencil_icon.png */ = {isa = PBXFileReference; lastKnownFileType = image.png; path = pencil_icon.png; sourceTree = "<group>"; };
		A48601271D9B98B7000B65FB /* pencil_icon_gray.png */ = {isa = PBXFileReference; lastKnownFileType = image.png; path = pencil_icon_gray.png; sourceTree = "<group>"; };
		A49E86D01CEC39D1002AC786 /* NICA.app */ = {isa = PBXFileReference; explicitFileType = wrapper.application; includeInIndex = 0; path = NICA.app; sourceTree = BUILT_PRODUCTS_DIR; };
		A49E86D31CEC39D1002AC786 /* AppDelegate.swift */ = {isa = PBXFileReference; lastKnownFileType = sourcecode.swift; path = AppDelegate.swift; sourceTree = "<group>"; };
		A49E86D51CEC39D1002AC786 /* ViewController.swift */ = {isa = PBXFileReference; lastKnownFileType = sourcecode.swift; path = ViewController.swift; sourceTree = "<group>"; };
		A49E86D81CEC39D1002AC786 /* Base */ = {isa = PBXFileReference; lastKnownFileType = file.storyboard; name = Base; path = Base.lproj/Main.storyboard; sourceTree = "<group>"; };
		A49E86DA1CEC39D1002AC786 /* Assets.xcassets */ = {isa = PBXFileReference; lastKnownFileType = folder.assetcatalog; path = Assets.xcassets; sourceTree = "<group>"; };
		A49E86DD1CEC39D1002AC786 /* Base */ = {isa = PBXFileReference; lastKnownFileType = file.storyboard; name = Base; path = Base.lproj/LaunchScreen.storyboard; sourceTree = "<group>"; };
		A49E86DF1CEC39D1002AC786 /* Info.plist */ = {isa = PBXFileReference; lastKnownFileType = text.plist.xml; path = Info.plist; sourceTree = "<group>"; };
		A49E86E41CEC39D1002AC786 /* NICATests.xctest */ = {isa = PBXFileReference; explicitFileType = wrapper.cfbundle; includeInIndex = 0; path = NICATests.xctest; sourceTree = BUILT_PRODUCTS_DIR; };
		A49E86E81CEC39D1002AC786 /* NICATests.swift */ = {isa = PBXFileReference; lastKnownFileType = sourcecode.swift; path = NICATests.swift; sourceTree = "<group>"; };
		A49E86EA1CEC39D1002AC786 /* Info.plist */ = {isa = PBXFileReference; lastKnownFileType = text.plist.xml; path = Info.plist; sourceTree = "<group>"; };
		A49E86EF1CEC39D1002AC786 /* NICAUITests.xctest */ = {isa = PBXFileReference; explicitFileType = wrapper.cfbundle; includeInIndex = 0; path = NICAUITests.xctest; sourceTree = BUILT_PRODUCTS_DIR; };
		A49E86F31CEC39D1002AC786 /* NICAUITests.swift */ = {isa = PBXFileReference; lastKnownFileType = sourcecode.swift; path = NICAUITests.swift; sourceTree = "<group>"; };
		A49E86F51CEC39D1002AC786 /* Info.plist */ = {isa = PBXFileReference; lastKnownFileType = text.plist.xml; path = Info.plist; sourceTree = "<group>"; };
		A49E87071CEC5574002AC786 /* SelectVideoViewController.swift */ = {isa = PBXFileReference; fileEncoding = 4; lastKnownFileType = sourcecode.swift; path = SelectVideoViewController.swift; sourceTree = "<group>"; };
		A4BBF84D1D5DAE840019A245 /* ActVC.swift */ = {isa = PBXFileReference; fileEncoding = 4; lastKnownFileType = sourcecode.swift; path = ActVC.swift; sourceTree = "<group>"; };
		A4BBF84E1D5DAE840019A245 /* ActVC.xib */ = {isa = PBXFileReference; fileEncoding = 4; lastKnownFileType = file.xib; path = ActVC.xib; sourceTree = "<group>"; };
		A4BE275F1D5DCE23001C1EBF /* CategoryVC.swift */ = {isa = PBXFileReference; fileEncoding = 4; lastKnownFileType = sourcecode.swift; path = CategoryVC.swift; sourceTree = "<group>"; };
		A4BE27601D5DCE23001C1EBF /* CategoryVC.xib */ = {isa = PBXFileReference; fileEncoding = 4; lastKnownFileType = file.xib; path = CategoryVC.xib; sourceTree = "<group>"; };
		A4C51AE01D589F1800D6D733 /* SelectImageSVC.swift */ = {isa = PBXFileReference; fileEncoding = 4; lastKnownFileType = sourcecode.swift; path = SelectImageSVC.swift; sourceTree = "<group>"; };
		A4C51AE11D589F1800D6D733 /* SelectImageSVC.xib */ = {isa = PBXFileReference; fileEncoding = 4; lastKnownFileType = file.xib; path = SelectImageSVC.xib; sourceTree = "<group>"; };
		A4C51AE41D589FAB00D6D733 /* MasterVC.swift */ = {isa = PBXFileReference; fileEncoding = 4; lastKnownFileType = sourcecode.swift; path = MasterVC.swift; sourceTree = "<group>"; };
		A4C51AE51D589FAB00D6D733 /* MasterVC.xib */ = {isa = PBXFileReference; fileEncoding = 4; lastKnownFileType = file.xib; path = MasterVC.xib; sourceTree = "<group>"; };
		A4C51AEA1D589FE100D6D733 /* DetailVC.swift */ = {isa = PBXFileReference; fileEncoding = 4; lastKnownFileType = sourcecode.swift; path = DetailVC.swift; sourceTree = "<group>"; };
		A4C51AEB1D589FE100D6D733 /* DetailVC.xib */ = {isa = PBXFileReference; fileEncoding = 4; lastKnownFileType = file.xib; path = DetailVC.xib; sourceTree = "<group>"; };
		A4C51AEE1D58A0CA00D6D733 /* Root.swift */ = {isa = PBXFileReference; fileEncoding = 4; lastKnownFileType = sourcecode.swift; path = Root.swift; sourceTree = "<group>"; };
		A4C51AF01D58A11A00D6D733 /* Category.swift */ = {isa = PBXFileReference; fileEncoding = 4; lastKnownFileType = sourcecode.swift; path = Category.swift; sourceTree = "<group>"; };
		A4C51AF21D58A17300D6D733 /* Act.swift */ = {isa = PBXFileReference; fileEncoding = 4; lastKnownFileType = sourcecode.swift; path = Act.swift; sourceTree = "<group>"; };
		A4C51AF41D58A40500D6D733 /* Dashboard.swift */ = {isa = PBXFileReference; fileEncoding = 4; lastKnownFileType = sourcecode.swift; path = Dashboard.swift; sourceTree = "<group>"; };
		A4C51AF81D58A5E800D6D733 /* Level.swift */ = {isa = PBXFileReference; fileEncoding = 4; lastKnownFileType = sourcecode.swift; path = Level.swift; sourceTree = "<group>"; };
		A4C51AFC1D58A71900D6D733 /* Picture.swift */ = {isa = PBXFileReference; fileEncoding = 4; lastKnownFileType = sourcecode.swift; path = Picture.swift; sourceTree = "<group>"; };
		A4CDC5EE1DA3A342007B3D77 /* ModalImageVC.swift */ = {isa = PBXFileReference; fileEncoding = 4; lastKnownFileType = sourcecode.swift; path = ModalImageVC.swift; sourceTree = "<group>"; };
		A4CDC5EF1DA3A342007B3D77 /* ModalImageVC.xib */ = {isa = PBXFileReference; fileEncoding = 4; lastKnownFileType = file.xib; path = ModalImageVC.xib; sourceTree = "<group>"; };
		A4F0CFD51D558926005ED3FE /* SelectImageVC.swift */ = {isa = PBXFileReference; fileEncoding = 4; lastKnownFileType = sourcecode.swift; path = SelectImageVC.swift; sourceTree = "<group>"; };
		A4F0CFD61D558926005ED3FE /* SelectImageVC.xib */ = {isa = PBXFileReference; fileEncoding = 4; lastKnownFileType = file.xib; path = SelectImageVC.xib; sourceTree = "<group>"; };
		F439A0881DA2305A000481B6 /* LoginVC.swift */ = {isa = PBXFileReference; fileEncoding = 4; lastKnownFileType = sourcecode.swift; path = LoginVC.swift; sourceTree = "<group>"; };
		F439A08A1DA23063000481B6 /* LoginVC.xib */ = {isa = PBXFileReference; fileEncoding = 4; lastKnownFileType = file.xib; path = LoginVC.xib; sourceTree = "<group>"; };
		F439A08C1DA230AF000481B6 /* WatchVideoVC.swift */ = {isa = PBXFileReference; fileEncoding = 4; lastKnownFileType = sourcecode.swift; path = WatchVideoVC.swift; sourceTree = "<group>"; };
		F439A08D1DA230AF000481B6 /* WatchVideoVC.xib */ = {isa = PBXFileReference; fileEncoding = 4; lastKnownFileType = file.xib; path = WatchVideoVC.xib; sourceTree = "<group>"; };
		F467129D1DA4A40200D00656 /* Icon-App-20x20@1x.png */ = {isa = PBXFileReference; lastKnownFileType = image.png; path = "Icon-App-20x20@1x.png"; sourceTree = "<group>"; };
		F467129E1DA4A40200D00656 /* Icon-App-20x20@2x.png */ = {isa = PBXFileReference; lastKnownFileType = image.png; path = "Icon-App-20x20@2x.png"; sourceTree = "<group>"; };
		F467129F1DA4A40200D00656 /* Icon-App-20x20@3x.png */ = {isa = PBXFileReference; lastKnownFileType = image.png; path = "Icon-App-20x20@3x.png"; sourceTree = "<group>"; };
		F46712A01DA4A40200D00656 /* Icon-App-29x29@1x.png */ = {isa = PBXFileReference; lastKnownFileType = image.png; path = "Icon-App-29x29@1x.png"; sourceTree = "<group>"; };
		F46712A11DA4A40200D00656 /* Icon-App-29x29@2x.png */ = {isa = PBXFileReference; lastKnownFileType = image.png; path = "Icon-App-29x29@2x.png"; sourceTree = "<group>"; };
		F46712A21DA4A40200D00656 /* Icon-App-29x29@3x.png */ = {isa = PBXFileReference; lastKnownFileType = image.png; path = "Icon-App-29x29@3x.png"; sourceTree = "<group>"; };
		F46712A31DA4A40200D00656 /* Icon-App-40x40@1x.png */ = {isa = PBXFileReference; lastKnownFileType = image.png; path = "Icon-App-40x40@1x.png"; sourceTree = "<group>"; };
		F46712A41DA4A40200D00656 /* Icon-App-40x40@2x.png */ = {isa = PBXFileReference; lastKnownFileType = image.png; path = "Icon-App-40x40@2x.png"; sourceTree = "<group>"; };
		F46712A51DA4A40200D00656 /* Icon-App-40x40@3x.png */ = {isa = PBXFileReference; lastKnownFileType = image.png; path = "Icon-App-40x40@3x.png"; sourceTree = "<group>"; };
		F46712A61DA4A40200D00656 /* Icon-App-57x57@1x.png */ = {isa = PBXFileReference; lastKnownFileType = image.png; path = "Icon-App-57x57@1x.png"; sourceTree = "<group>"; };
		F46712A71DA4A40200D00656 /* Icon-App-60x60@1x.png */ = {isa = PBXFileReference; lastKnownFileType = image.png; path = "Icon-App-60x60@1x.png"; sourceTree = "<group>"; };
		F46712A81DA4A40200D00656 /* Icon-App-60x60@2x.png */ = {isa = PBXFileReference; lastKnownFileType = image.png; path = "Icon-App-60x60@2x.png"; sourceTree = "<group>"; };
		F46712A91DA4A40200D00656 /* Icon-App-60x60@3x.png */ = {isa = PBXFileReference; lastKnownFileType = image.png; path = "Icon-App-60x60@3x.png"; sourceTree = "<group>"; };
		F46712AA1DA4A40200D00656 /* Icon-App-76x76@1x.png */ = {isa = PBXFileReference; lastKnownFileType = image.png; path = "Icon-App-76x76@1x.png"; sourceTree = "<group>"; };
		F46712AB1DA4A40200D00656 /* Icon-App-76x76@2x.png */ = {isa = PBXFileReference; lastKnownFileType = image.png; path = "Icon-App-76x76@2x.png"; sourceTree = "<group>"; };
		F46712AC1DA4A40200D00656 /* Icon-App-76x76@3x.png */ = {isa = PBXFileReference; lastKnownFileType = image.png; path = "Icon-App-76x76@3x.png"; sourceTree = "<group>"; };
		F46712AD1DA4A40300D00656 /* Icon-App-83.5x83.5@2x.png */ = {isa = PBXFileReference; lastKnownFileType = image.png; path = "Icon-App-83.5x83.5@2x.png"; sourceTree = "<group>"; };
		F46712BF1DA4ADFF00D00656 /* LandscapePickerController.swift */ = {isa = PBXFileReference; fileEncoding = 4; lastKnownFileType = sourcecode.swift; path = LandscapePickerController.swift; sourceTree = "<group>"; };
		F46A0AF91DA3F277001DCB31 /* nica_logo.png */ = {isa = PBXFileReference; lastKnownFileType = image.png; path = nica_logo.png; sourceTree = "<group>"; };
		F4DA56E11D93B70E00268F6F /* Constants.swift */ = {isa = PBXFileReference; fileEncoding = 4; lastKnownFileType = sourcecode.swift; path = Constants.swift; sourceTree = "<group>"; };
/* End PBXFileReference section */

/* Begin PBXFrameworksBuildPhase section */
		A49E86CD1CEC39D1002AC786 /* Frameworks */ = {
			isa = PBXFrameworksBuildPhase;
			buildActionMask = 2147483647;
			files = (
			);
			runOnlyForDeploymentPostprocessing = 0;
		};
		A49E86E11CEC39D1002AC786 /* Frameworks */ = {
			isa = PBXFrameworksBuildPhase;
			buildActionMask = 2147483647;
			files = (
			);
			runOnlyForDeploymentPostprocessing = 0;
		};
		A49E86EC1CEC39D1002AC786 /* Frameworks */ = {
			isa = PBXFrameworksBuildPhase;
			buildActionMask = 2147483647;
			files = (
			);
			runOnlyForDeploymentPostprocessing = 0;
		};
/* End PBXFrameworksBuildPhase section */

/* Begin PBXGroup section */
		A486011E1D9B986C000B65FB /* Assets */ = {
			isa = PBXGroup;
			children = (
				F467129C1DA4A3F000D00656 /* icon */,
				A486011F1D9B98AC000B65FB /* pause_button.png */,
				F46A0AF91DA3F277001DCB31 /* nica_logo.png */,
				A48601201D9B98AC000B65FB /* play_button.png */,
				A48601211D9B98AC000B65FB /* replay_button.png */,
				A48601221D9B98AC000B65FB /* pencil_icon.png */,
				A48601271D9B98B7000B65FB /* pencil_icon_gray.png */,
			);
			name = Assets;
			sourceTree = "<group>";
		};
		A49E86C71CEC39D1002AC786 = {
			isa = PBXGroup;
			children = (
				A49E86D21CEC39D1002AC786 /* NICA */,
				A49E86E71CEC39D1002AC786 /* NICATests */,
				A49E86F21CEC39D1002AC786 /* NICAUITests */,
				A49E86D11CEC39D1002AC786 /* Products */,
			);
			sourceTree = "<group>";
		};
		A49E86D11CEC39D1002AC786 /* Products */ = {
			isa = PBXGroup;
			children = (
				A49E86D01CEC39D1002AC786 /* NICA.app */,
				A49E86E41CEC39D1002AC786 /* NICATests.xctest */,
				A49E86EF1CEC39D1002AC786 /* NICAUITests.xctest */,
			);
			name = Products;
			sourceTree = "<group>";
		};
		A49E86D21CEC39D1002AC786 /* NICA */ = {
			isa = PBXGroup;
			children = (
				A486011E1D9B986C000B65FB /* Assets */,
				F4DA56E01D93B70400268F6F /* Common */,
				A4F0CFD91D55899B005ED3FE /* Resources */,
				A4F0CFD41D558907005ED3FE /* Controller */,
				A4F0CFD31D558902005ED3FE /* View */,
				A4F0CFD21D5588F9005ED3FE /* Model */,
				A49E86D31CEC39D1002AC786 /* AppDelegate.swift */,
				A49E86D71CEC39D1002AC786 /* Main.storyboard */,
				A49E86DA1CEC39D1002AC786 /* Assets.xcassets */,
				A49E86DC1CEC39D1002AC786 /* LaunchScreen.storyboard */,
				A49E86DF1CEC39D1002AC786 /* Info.plist */,
			);
			path = NICA;
			sourceTree = "<group>";
		};
		A49E86E71CEC39D1002AC786 /* NICATests */ = {
			isa = PBXGroup;
			children = (
				A49E86E81CEC39D1002AC786 /* NICATests.swift */,
				A49E86EA1CEC39D1002AC786 /* Info.plist */,
			);
			path = NICATests;
			sourceTree = "<group>";
		};
		A49E86F21CEC39D1002AC786 /* NICAUITests */ = {
			isa = PBXGroup;
			children = (
				A49E86F31CEC39D1002AC786 /* NICAUITests.swift */,
				A49E86F51CEC39D1002AC786 /* Info.plist */,
			);
			path = NICAUITests;
			sourceTree = "<group>";
		};
		A4F0CFD21D5588F9005ED3FE /* Model */ = {
			isa = PBXGroup;
			children = (
				3F089E7D1D6057A400467C2F /* Video.swift */,
				A4C51AEE1D58A0CA00D6D733 /* Root.swift */,
				A4C51AF41D58A40500D6D733 /* Dashboard.swift */,
				A4C51AF01D58A11A00D6D733 /* Category.swift */,
				3F8446891D83C5BE0053844D /* Folder.swift */,
				A4C51AF21D58A17300D6D733 /* Act.swift */,
				A4C51AF81D58A5E800D6D733 /* Level.swift */,
				A4C51AFC1D58A71900D6D733 /* Picture.swift */,
			);
			name = Model;
			sourceTree = "<group>";
		};
		A4F0CFD31D558902005ED3FE /* View */ = {
			isa = PBXGroup;
			children = (
				3F089E7A1D60572600467C2F /* PictureVideoVC.xib */,
				F439A08D1DA230AF000481B6 /* WatchVideoVC.xib */,
				3F089E761D6054DC00467C2F /* FolderVC.xib */,
				3F089E721D6053AC00467C2F /* LevelVC.xib */,
				F439A08A1DA23063000481B6 /* LoginVC.xib */,
				A4C51AE51D589FAB00D6D733 /* MasterVC.xib */,
				A4C51AEB1D589FE100D6D733 /* DetailVC.xib */,
				A4BE27601D5DCE23001C1EBF /* CategoryVC.xib */,
				A4BBF84E1D5DAE840019A245 /* ActVC.xib */,
				A4C51AE11D589F1800D6D733 /* SelectImageSVC.xib */,
				A4F0CFD61D558926005ED3FE /* SelectImageVC.xib */,
				A41C2C8F1D9B483100BECCE5 /* CustomVideoController.xib */,
				A4CDC5EF1DA3A342007B3D77 /* ModalImageVC.xib */,
			);
			name = View;
			sourceTree = "<group>";
		};
		A4F0CFD41D558907005ED3FE /* Controller */ = {
			isa = PBXGroup;
			children = (
				A49E86D51CEC39D1002AC786 /* ViewController.swift */,
				A49E87071CEC5574002AC786 /* SelectVideoViewController.swift */,
				A4F0CFD51D558926005ED3FE /* SelectImageVC.swift */,
				F439A0881DA2305A000481B6 /* LoginVC.swift */,
				A4C51AE01D589F1800D6D733 /* SelectImageSVC.swift */,
				A4C51AE41D589FAB00D6D733 /* MasterVC.swift */,
				A4C51AEA1D589FE100D6D733 /* DetailVC.swift */,
				A4BE275F1D5DCE23001C1EBF /* CategoryVC.swift */,
				A4BBF84D1D5DAE840019A245 /* ActVC.swift */,
				3F089E711D6053AC00467C2F /* LevelVC.swift */,
				3F089E751D6054DC00467C2F /* FolderVC.swift */,
				3F089E791D60572600467C2F /* PictureVideoVC.swift */,
				A41C2C8E1D9B483100BECCE5 /* CustomVideoController.swift */,
				F439A08C1DA230AF000481B6 /* WatchVideoVC.swift */,
				A4CDC5EE1DA3A342007B3D77 /* ModalImageVC.swift */,
			);
			name = Controller;
			sourceTree = "<group>";
		};
		A4F0CFD91D55899B005ED3FE /* Resources */ = {
			isa = PBXGroup;
			children = (
				A4F0CFE01D5589D0005ED3FE /* Video */,
				A4F0CFDA1D5589A5005ED3FE /* Images */,
			);
			name = Resources;
			sourceTree = "<group>";
		};
		A4F0CFDA1D5589A5005ED3FE /* Images */ = {
			isa = PBXGroup;
			children = (
			);
			name = Images;
			sourceTree = "<group>";
		};
		A4F0CFE01D5589D0005ED3FE /* Video */ = {
			isa = PBXGroup;
			children = (
			);
			name = Video;
			sourceTree = "<group>";
		};
		F467129C1DA4A3F000D00656 /* icon */ = {
			isa = PBXGroup;
			children = (
				F467129E1DA4A40200D00656 /* Icon-App-20x20@2x.png */,
				F467129F1DA4A40200D00656 /* Icon-App-20x20@3x.png */,
				F46712A01DA4A40200D00656 /* Icon-App-29x29@1x.png */,
				F46712A11DA4A40200D00656 /* Icon-App-29x29@2x.png */,
				F46712A21DA4A40200D00656 /* Icon-App-29x29@3x.png */,
				F46712A31DA4A40200D00656 /* Icon-App-40x40@1x.png */,
				F46712A41DA4A40200D00656 /* Icon-App-40x40@2x.png */,
				F46712A51DA4A40200D00656 /* Icon-App-40x40@3x.png */,
				F46712A61DA4A40200D00656 /* Icon-App-57x57@1x.png */,
				F46712A71DA4A40200D00656 /* Icon-App-60x60@1x.png */,
				F46712A81DA4A40200D00656 /* Icon-App-60x60@2x.png */,
				F46712A91DA4A40200D00656 /* Icon-App-60x60@3x.png */,
				F46712AA1DA4A40200D00656 /* Icon-App-76x76@1x.png */,
				F46712AB1DA4A40200D00656 /* Icon-App-76x76@2x.png */,
				F46712AC1DA4A40200D00656 /* Icon-App-76x76@3x.png */,
				F46712AD1DA4A40300D00656 /* Icon-App-83.5x83.5@2x.png */,
				F467129D1DA4A40200D00656 /* Icon-App-20x20@1x.png */,
			);
			name = icon;
			sourceTree = "<group>";
		};
		F4DA56E01D93B70400268F6F /* Common */ = {
			isa = PBXGroup;
			children = (
				3FBC62261DA0CD51000F85FD /* API.swift */,
				F4DA56E11D93B70E00268F6F /* Constants.swift */,
				F46712BF1DA4ADFF00D00656 /* LandscapePickerController.swift */,
			);
			name = Common;
			sourceTree = "<group>";
		};
/* End PBXGroup section */

/* Begin PBXNativeTarget section */
		A49E86CF1CEC39D1002AC786 /* NICA */ = {
			isa = PBXNativeTarget;
			buildConfigurationList = A49E86F81CEC39D1002AC786 /* Build configuration list for PBXNativeTarget "NICA" */;
			buildPhases = (
				A49E86CC1CEC39D1002AC786 /* Sources */,
				A49E86CD1CEC39D1002AC786 /* Frameworks */,
				A49E86CE1CEC39D1002AC786 /* Resources */,
			);
			buildRules = (
			);
			dependencies = (
			);
			name = NICA;
			productName = NICA;
			productReference = A49E86D01CEC39D1002AC786 /* NICA.app */;
			productType = "com.apple.product-type.application";
		};
		A49E86E31CEC39D1002AC786 /* NICATests */ = {
			isa = PBXNativeTarget;
			buildConfigurationList = A49E86FB1CEC39D1002AC786 /* Build configuration list for PBXNativeTarget "NICATests" */;
			buildPhases = (
				A49E86E01CEC39D1002AC786 /* Sources */,
				A49E86E11CEC39D1002AC786 /* Frameworks */,
				A49E86E21CEC39D1002AC786 /* Resources */,
			);
			buildRules = (
			);
			dependencies = (
				A49E86E61CEC39D1002AC786 /* PBXTargetDependency */,
			);
			name = NICATests;
			productName = NICATests;
			productReference = A49E86E41CEC39D1002AC786 /* NICATests.xctest */;
			productType = "com.apple.product-type.bundle.unit-test";
		};
		A49E86EE1CEC39D1002AC786 /* NICAUITests */ = {
			isa = PBXNativeTarget;
			buildConfigurationList = A49E86FE1CEC39D1002AC786 /* Build configuration list for PBXNativeTarget "NICAUITests" */;
			buildPhases = (
				A49E86EB1CEC39D1002AC786 /* Sources */,
				A49E86EC1CEC39D1002AC786 /* Frameworks */,
				A49E86ED1CEC39D1002AC786 /* Resources */,
			);
			buildRules = (
			);
			dependencies = (
				A49E86F11CEC39D1002AC786 /* PBXTargetDependency */,
			);
			name = NICAUITests;
			productName = NICAUITests;
			productReference = A49E86EF1CEC39D1002AC786 /* NICAUITests.xctest */;
			productType = "com.apple.product-type.bundle.ui-testing";
		};
/* End PBXNativeTarget section */

/* Begin PBXProject section */
		A49E86C81CEC39D1002AC786 /* Project object */ = {
			isa = PBXProject;
			attributes = {
				LastSwiftUpdateCheck = 0730;
				LastUpgradeCheck = 0800;
				ORGANIZATIONNAME = "Johan Albert";
				TargetAttributes = {
					A49E86CF1CEC39D1002AC786 = {
						CreatedOnToolsVersion = 7.3.1;
						DevelopmentTeam = US38475NTD;
						LastSwiftMigration = 0800;
					};
					A49E86E31CEC39D1002AC786 = {
						CreatedOnToolsVersion = 7.3.1;
						LastSwiftMigration = 0800;
						TestTargetID = A49E86CF1CEC39D1002AC786;
					};
					A49E86EE1CEC39D1002AC786 = {
						CreatedOnToolsVersion = 7.3.1;
						LastSwiftMigration = 0800;
						TestTargetID = A49E86CF1CEC39D1002AC786;
					};
				};
			};
			buildConfigurationList = A49E86CB1CEC39D1002AC786 /* Build configuration list for PBXProject "NICA" */;
			compatibilityVersion = "Xcode 3.2";
			developmentRegion = English;
			hasScannedForEncodings = 0;
			knownRegions = (
				en,
				Base,
			);
			mainGroup = A49E86C71CEC39D1002AC786;
			productRefGroup = A49E86D11CEC39D1002AC786 /* Products */;
			projectDirPath = "";
			projectRoot = "";
			targets = (
				A49E86CF1CEC39D1002AC786 /* NICA */,
				A49E86E31CEC39D1002AC786 /* NICATests */,
				A49E86EE1CEC39D1002AC786 /* NICAUITests */,
			);
		};
/* End PBXProject section */

/* Begin PBXResourcesBuildPhase section */
		A49E86CE1CEC39D1002AC786 /* Resources */ = {
			isa = PBXResourcesBuildPhase;
			buildActionMask = 2147483647;
			files = (
				F46712B51DA4A40300D00656 /* Icon-App-40x40@2x.png in Resources */,
				F439A08B1DA23063000481B6 /* LoginVC.xib in Resources */,
				3F089E741D6053AC00467C2F /* LevelVC.xib in Resources */,
				F46712AF1DA4A40300D00656 /* Icon-App-20x20@2x.png in Resources */,
				F46712AE1DA4A40300D00656 /* Icon-App-20x20@1x.png in Resources */,
				F46712B71DA4A40300D00656 /* Icon-App-57x57@1x.png in Resources */,
				A4C51AE71D589FAB00D6D733 /* MasterVC.xib in Resources */,
				A4BBF8501D5DAE840019A245 /* ActVC.xib in Resources */,
				3F089E781D6054DC00467C2F /* FolderVC.xib in Resources */,
				A4BE27621D5DCE23001C1EBF /* CategoryVC.xib in Resources */,
				A49E86DE1CEC39D1002AC786 /* LaunchScreen.storyboard in Resources */,
				F46712BB1DA4A40300D00656 /* Icon-App-76x76@1x.png in Resources */,
				F46712BA1DA4A40300D00656 /* Icon-App-60x60@3x.png in Resources */,
				F46712B31DA4A40300D00656 /* Icon-App-29x29@3x.png in Resources */,
				F46712BC1DA4A40300D00656 /* Icon-App-76x76@2x.png in Resources */,
				A48601261D9B98AC000B65FB /* pencil_icon.png in Resources */,
				A49E86DB1CEC39D1002AC786 /* Assets.xcassets in Resources */,
				A4F0CFD81D558926005ED3FE /* SelectImageVC.xib in Resources */,
				A41C2C911D9B483100BECCE5 /* CustomVideoController.xib in Resources */,
				A48601281D9B98B7000B65FB /* pencil_icon_gray.png in Resources */,
				A4CDC5F11DA3A342007B3D77 /* ModalImageVC.xib in Resources */,
				F46712B81DA4A40300D00656 /* Icon-App-60x60@1x.png in Resources */,
				F439A08F1DA230AF000481B6 /* WatchVideoVC.xib in Resources */,
				A49E86D91CEC39D1002AC786 /* Main.storyboard in Resources */,
				F46712B21DA4A40300D00656 /* Icon-App-29x29@2x.png in Resources */,
				F46712B91DA4A40300D00656 /* Icon-App-60x60@2x.png in Resources */,
				F46712B11DA4A40300D00656 /* Icon-App-29x29@1x.png in Resources */,
				A48601231D9B98AC000B65FB /* pause_button.png in Resources */,
				F46712B01DA4A40300D00656 /* Icon-App-20x20@3x.png in Resources */,
				A4C51AED1D589FE100D6D733 /* DetailVC.xib in Resources */,
				A48601251D9B98AC000B65FB /* replay_button.png in Resources */,
				F46712BD1DA4A40300D00656 /* Icon-App-76x76@3x.png in Resources */,
				A48601241D9B98AC000B65FB /* play_button.png in Resources */,
				F46712B61DA4A40300D00656 /* Icon-App-40x40@3x.png in Resources */,
				F46712BE1DA4A40300D00656 /* Icon-App-83.5x83.5@2x.png in Resources */,
				A4C51AE31D589F1800D6D733 /* SelectImageSVC.xib in Resources */,
				F46712B41DA4A40300D00656 /* Icon-App-40x40@1x.png in Resources */,
				3F089E7C1D60572600467C2F /* PictureVideoVC.xib in Resources */,
				F46A0AFA1DA3F277001DCB31 /* nica_logo.png in Resources */,
			);
			runOnlyForDeploymentPostprocessing = 0;
		};
		A49E86E21CEC39D1002AC786 /* Resources */ = {
			isa = PBXResourcesBuildPhase;
			buildActionMask = 2147483647;
			files = (
			);
			runOnlyForDeploymentPostprocessing = 0;
		};
		A49E86ED1CEC39D1002AC786 /* Resources */ = {
			isa = PBXResourcesBuildPhase;
			buildActionMask = 2147483647;
			files = (
			);
			runOnlyForDeploymentPostprocessing = 0;
		};
/* End PBXResourcesBuildPhase section */

/* Begin PBXSourcesBuildPhase section */
		A49E86CC1CEC39D1002AC786 /* Sources */ = {
			isa = PBXSourcesBuildPhase;
			buildActionMask = 2147483647;
			files = (
				3FBC62271DA0CD51000F85FD /* API.swift in Sources */,
				A4C51AE61D589FAB00D6D733 /* MasterVC.swift in Sources */,
				A4BE27611D5DCE23001C1EBF /* CategoryVC.swift in Sources */,
				A4BBF84F1D5DAE840019A245 /* ActVC.swift in Sources */,
				F46712C01DA4ADFF00D00656 /* LandscapePickerController.swift in Sources */,
				3F089E771D6054DC00467C2F /* FolderVC.swift in Sources */,
				F439A08E1DA230AF000481B6 /* WatchVideoVC.swift in Sources */,
				A4C51AEF1D58A0CA00D6D733 /* Root.swift in Sources */,
				A4C51AF51D58A40500D6D733 /* Dashboard.swift in Sources */,
				A4C51AFD1D58A71900D6D733 /* Picture.swift in Sources */,
				A49E86D61CEC39D1002AC786 /* ViewController.swift in Sources */,
				3F089E7E1D6057A400467C2F /* Video.swift in Sources */,
				A4C51AE21D589F1800D6D733 /* SelectImageSVC.swift in Sources */,
				A49E86D41CEC39D1002AC786 /* AppDelegate.swift in Sources */,
				F4DA56E21D93B70E00268F6F /* Constants.swift in Sources */,
				A4C51AF91D58A5E800D6D733 /* Level.swift in Sources */,
				A4C51AF11D58A11A00D6D733 /* Category.swift in Sources */,
				3F089E7B1D60572600467C2F /* PictureVideoVC.swift in Sources */,
				A4F0CFD71D558926005ED3FE /* SelectImageVC.swift in Sources */,
				A41C2C901D9B483100BECCE5 /* CustomVideoController.swift in Sources */,
				3F089E731D6053AC00467C2F /* LevelVC.swift in Sources */,
				A49E87081CEC5574002AC786 /* SelectVideoViewController.swift in Sources */,
				A4C51AF31D58A17300D6D733 /* Act.swift in Sources */,
				A4CDC5F01DA3A342007B3D77 /* ModalImageVC.swift in Sources */,
				A4C51AEC1D589FE100D6D733 /* DetailVC.swift in Sources */,
				3F84468A1D83C5BE0053844D /* Folder.swift in Sources */,
				F439A0891DA2305A000481B6 /* LoginVC.swift in Sources */,
			);
			runOnlyForDeploymentPostprocessing = 0;
		};
		A49E86E01CEC39D1002AC786 /* Sources */ = {
			isa = PBXSourcesBuildPhase;
			buildActionMask = 2147483647;
			files = (
				A49E86E91CEC39D1002AC786 /* NICATests.swift in Sources */,
			);
			runOnlyForDeploymentPostprocessing = 0;
		};
		A49E86EB1CEC39D1002AC786 /* Sources */ = {
			isa = PBXSourcesBuildPhase;
			buildActionMask = 2147483647;
			files = (
				A49E86F41CEC39D1002AC786 /* NICAUITests.swift in Sources */,
			);
			runOnlyForDeploymentPostprocessing = 0;
		};
/* End PBXSourcesBuildPhase section */

/* Begin PBXTargetDependency section */
		A49E86E61CEC39D1002AC786 /* PBXTargetDependency */ = {
			isa = PBXTargetDependency;
			target = A49E86CF1CEC39D1002AC786 /* NICA */;
			targetProxy = A49E86E51CEC39D1002AC786 /* PBXContainerItemProxy */;
		};
		A49E86F11CEC39D1002AC786 /* PBXTargetDependency */ = {
			isa = PBXTargetDependency;
			target = A49E86CF1CEC39D1002AC786 /* NICA */;
			targetProxy = A49E86F01CEC39D1002AC786 /* PBXContainerItemProxy */;
		};
/* End PBXTargetDependency section */

/* Begin PBXVariantGroup section */
		A49E86D71CEC39D1002AC786 /* Main.storyboard */ = {
			isa = PBXVariantGroup;
			children = (
				A49E86D81CEC39D1002AC786 /* Base */,
			);
			name = Main.storyboard;
			sourceTree = "<group>";
		};
		A49E86DC1CEC39D1002AC786 /* LaunchScreen.storyboard */ = {
			isa = PBXVariantGroup;
			children = (
				A49E86DD1CEC39D1002AC786 /* Base */,
			);
			name = LaunchScreen.storyboard;
			sourceTree = "<group>";
		};
/* End PBXVariantGroup section */

/* Begin XCBuildConfiguration section */
		A49E86F61CEC39D1002AC786 /* Debug */ = {
			isa = XCBuildConfiguration;
			buildSettings = {
				ALWAYS_SEARCH_USER_PATHS = NO;
				CLANG_ANALYZER_NONNULL = YES;
				CLANG_CXX_LANGUAGE_STANDARD = "gnu++0x";
				CLANG_CXX_LIBRARY = "libc++";
				CLANG_ENABLE_MODULES = YES;
				CLANG_ENABLE_OBJC_ARC = YES;
				CLANG_WARN_BOOL_CONVERSION = YES;
				CLANG_WARN_CONSTANT_CONVERSION = YES;
				CLANG_WARN_DIRECT_OBJC_ISA_USAGE = YES_ERROR;
				CLANG_WARN_EMPTY_BODY = YES;
				CLANG_WARN_ENUM_CONVERSION = YES;
				CLANG_WARN_INFINITE_RECURSION = YES;
				CLANG_WARN_INT_CONVERSION = YES;
				CLANG_WARN_OBJC_ROOT_CLASS = YES_ERROR;
				CLANG_WARN_SUSPICIOUS_MOVE = YES;
				CLANG_WARN_UNREACHABLE_CODE = YES;
				CLANG_WARN__DUPLICATE_METHOD_MATCH = YES;
				"CODE_SIGN_IDENTITY[sdk=iphoneos*]" = "iPhone Developer";
				COPY_PHASE_STRIP = NO;
				DEBUG_INFORMATION_FORMAT = dwarf;
				ENABLE_STRICT_OBJC_MSGSEND = YES;
				ENABLE_TESTABILITY = YES;
				GCC_C_LANGUAGE_STANDARD = gnu99;
				GCC_DYNAMIC_NO_PIC = NO;
				GCC_NO_COMMON_BLOCKS = YES;
				GCC_OPTIMIZATION_LEVEL = 0;
				GCC_PREPROCESSOR_DEFINITIONS = (
					"DEBUG=1",
					"$(inherited)",
				);
				GCC_WARN_64_TO_32_BIT_CONVERSION = YES;
				GCC_WARN_ABOUT_RETURN_TYPE = YES_ERROR;
				GCC_WARN_UNDECLARED_SELECTOR = YES;
				GCC_WARN_UNINITIALIZED_AUTOS = YES_AGGRESSIVE;
				GCC_WARN_UNUSED_FUNCTION = YES;
				GCC_WARN_UNUSED_VARIABLE = YES;
				IPHONEOS_DEPLOYMENT_TARGET = 9.3;
				MTL_ENABLE_DEBUG_INFO = YES;
				ONLY_ACTIVE_ARCH = YES;
				SDKROOT = iphoneos;
				SWIFT_OPTIMIZATION_LEVEL = "-Onone";
				TARGETED_DEVICE_FAMILY = 2;
			};
			name = Debug;
		};
		A49E86F71CEC39D1002AC786 /* Release */ = {
			isa = XCBuildConfiguration;
			buildSettings = {
				ALWAYS_SEARCH_USER_PATHS = NO;
				CLANG_ANALYZER_NONNULL = YES;
				CLANG_CXX_LANGUAGE_STANDARD = "gnu++0x";
				CLANG_CXX_LIBRARY = "libc++";
				CLANG_ENABLE_MODULES = YES;
				CLANG_ENABLE_OBJC_ARC = YES;
				CLANG_WARN_BOOL_CONVERSION = YES;
				CLANG_WARN_CONSTANT_CONVERSION = YES;
				CLANG_WARN_DIRECT_OBJC_ISA_USAGE = YES_ERROR;
				CLANG_WARN_EMPTY_BODY = YES;
				CLANG_WARN_ENUM_CONVERSION = YES;
				CLANG_WARN_INFINITE_RECURSION = YES;
				CLANG_WARN_INT_CONVERSION = YES;
				CLANG_WARN_OBJC_ROOT_CLASS = YES_ERROR;
				CLANG_WARN_SUSPICIOUS_MOVE = YES;
				CLANG_WARN_UNREACHABLE_CODE = YES;
				CLANG_WARN__DUPLICATE_METHOD_MATCH = YES;
				"CODE_SIGN_IDENTITY[sdk=iphoneos*]" = "iPhone Developer";
				COPY_PHASE_STRIP = NO;
				DEBUG_INFORMATION_FORMAT = "dwarf-with-dsym";
				ENABLE_NS_ASSERTIONS = NO;
				ENABLE_STRICT_OBJC_MSGSEND = YES;
				GCC_C_LANGUAGE_STANDARD = gnu99;
				GCC_NO_COMMON_BLOCKS = YES;
				GCC_WARN_64_TO_32_BIT_CONVERSION = YES;
				GCC_WARN_ABOUT_RETURN_TYPE = YES_ERROR;
				GCC_WARN_UNDECLARED_SELECTOR = YES;
				GCC_WARN_UNINITIALIZED_AUTOS = YES_AGGRESSIVE;
				GCC_WARN_UNUSED_FUNCTION = YES;
				GCC_WARN_UNUSED_VARIABLE = YES;
				IPHONEOS_DEPLOYMENT_TARGET = 9.3;
				MTL_ENABLE_DEBUG_INFO = NO;
				SDKROOT = iphoneos;
				SWIFT_OPTIMIZATION_LEVEL = "-Owholemodule";
				TARGETED_DEVICE_FAMILY = 2;
				VALIDATE_PRODUCT = YES;
			};
			name = Release;
		};
		A49E86F91CEC39D1002AC786 /* Debug */ = {
			isa = XCBuildConfiguration;
			buildSettings = {
				ASSETCATALOG_COMPILER_APPICON_NAME = AppIcon;
				CODE_SIGN_IDENTITY = "iPhone Developer";
				"CODE_SIGN_IDENTITY[sdk=iphoneos*]" = "iPhone Developer";
				DEVELOPMENT_TEAM = US38475NTD;
				INFOPLIST_FILE = NICA/Info.plist;
				LD_RUNPATH_SEARCH_PATHS = "$(inherited) @executable_path/Frameworks";
				PRODUCT_BUNDLE_IDENTIFIER = unimelb.NICA;
				PRODUCT_NAME = "$(TARGET_NAME)";
				PROVISIONING_PROFILE = "";
				SWIFT_VERSION = 2.3;
			};
			name = Debug;
		};
		A49E86FA1CEC39D1002AC786 /* Release */ = {
			isa = XCBuildConfiguration;
			buildSettings = {
				ASSETCATALOG_COMPILER_APPICON_NAME = AppIcon;
				CODE_SIGN_IDENTITY = "iPhone Developer";
				"CODE_SIGN_IDENTITY[sdk=iphoneos*]" = "iPhone Developer";
				DEVELOPMENT_TEAM = US38475NTD;
				INFOPLIST_FILE = NICA/Info.plist;
				LD_RUNPATH_SEARCH_PATHS = "$(inherited) @executable_path/Frameworks";
				PRODUCT_BUNDLE_IDENTIFIER = unimelb.NICA;
				PRODUCT_NAME = "$(TARGET_NAME)";
				PROVISIONING_PROFILE = "";
				SWIFT_VERSION = 2.3;
			};
			name = Release;
		};
		A49E86FC1CEC39D1002AC786 /* Debug */ = {
			isa = XCBuildConfiguration;
			buildSettings = {
				BUNDLE_LOADER = "$(TEST_HOST)";
				INFOPLIST_FILE = NICATests/Info.plist;
				LD_RUNPATH_SEARCH_PATHS = "$(inherited) @executable_path/Frameworks @loader_path/Frameworks";
				PRODUCT_BUNDLE_IDENTIFIER = unimelb.NICATests;
				PRODUCT_NAME = "$(TARGET_NAME)";
				SWIFT_VERSION = 2.3;
				TEST_HOST = "$(BUILT_PRODUCTS_DIR)/NICA.app/NICA";
			};
			name = Debug;
		};
		A49E86FD1CEC39D1002AC786 /* Release */ = {
			isa = XCBuildConfiguration;
			buildSettings = {
				BUNDLE_LOADER = "$(TEST_HOST)";
				INFOPLIST_FILE = NICATests/Info.plist;
				LD_RUNPATH_SEARCH_PATHS = "$(inherited) @executable_path/Frameworks @loader_path/Frameworks";
				PRODUCT_BUNDLE_IDENTIFIER = unimelb.NICATests;
				PRODUCT_NAME = "$(TARGET_NAME)";
				SWIFT_VERSION = 2.3;
				TEST_HOST = "$(BUILT_PRODUCTS_DIR)/NICA.app/NICA";
			};
			name = Release;
		};
		A49E86FF1CEC39D1002AC786 /* Debug */ = {
			isa = XCBuildConfiguration;
			buildSettings = {
				INFOPLIST_FILE = NICAUITests/Info.plist;
				LD_RUNPATH_SEARCH_PATHS = "$(inherited) @executable_path/Frameworks @loader_path/Frameworks";
				PRODUCT_BUNDLE_IDENTIFIER = unimelb.NICAUITests;
				PRODUCT_NAME = "$(TARGET_NAME)";
				SWIFT_VERSION = 2.3;
				TEST_TARGET_NAME = NICA;
			};
			name = Debug;
		};
		A49E87001CEC39D1002AC786 /* Release */ = {
			isa = XCBuildConfiguration;
			buildSettings = {
				INFOPLIST_FILE = NICAUITests/Info.plist;
				LD_RUNPATH_SEARCH_PATHS = "$(inherited) @executable_path/Frameworks @loader_path/Frameworks";
				PRODUCT_BUNDLE_IDENTIFIER = unimelb.NICAUITests;
				PRODUCT_NAME = "$(TARGET_NAME)";
				SWIFT_VERSION = 2.3;
				TEST_TARGET_NAME = NICA;
			};
			name = Release;
		};
/* End XCBuildConfiguration section */

/* Begin XCConfigurationList section */
		A49E86CB1CEC39D1002AC786 /* Build configuration list for PBXProject "NICA" */ = {
			isa = XCConfigurationList;
			buildConfigurations = (
				A49E86F61CEC39D1002AC786 /* Debug */,
				A49E86F71CEC39D1002AC786 /* Release */,
			);
			defaultConfigurationIsVisible = 0;
			defaultConfigurationName = Release;
		};
		A49E86F81CEC39D1002AC786 /* Build configuration list for PBXNativeTarget "NICA" */ = {
			isa = XCConfigurationList;
			buildConfigurations = (
				A49E86F91CEC39D1002AC786 /* Debug */,
				A49E86FA1CEC39D1002AC786 /* Release */,
			);
			defaultConfigurationIsVisible = 0;
			defaultConfigurationName = Release;
		};
		A49E86FB1CEC39D1002AC786 /* Build configuration list for PBXNativeTarget "NICATests" */ = {
			isa = XCConfigurationList;
			buildConfigurations = (
				A49E86FC1CEC39D1002AC786 /* Debug */,
				A49E86FD1CEC39D1002AC786 /* Release */,
			);
			defaultConfigurationIsVisible = 0;
			defaultConfigurationName = Release;
		};
		A49E86FE1CEC39D1002AC786 /* Build configuration list for PBXNativeTarget "NICAUITests" */ = {
			isa = XCConfigurationList;
			buildConfigurations = (
				A49E86FF1CEC39D1002AC786 /* Debug */,
				A49E87001CEC39D1002AC786 /* Release */,
			);
			defaultConfigurationIsVisible = 0;
			defaultConfigurationName = Release;
		};
/* End XCConfigurationList section */
	};
	rootObject = A49E86C81CEC39D1002AC786 /* Project object */;
}
